
Microsoft Visual Studio Solution File, Format Version 12.00
# Visual Studio 15
VisualStudioVersion = 15.0.26228.4
MinimumVisualStudioVersion = 10.0.40219.1
Project("{9A19103F-16F7-4668-BE54-9A1E7A4F7556}") = "Baytech.Conversion", "Baytech.Conversion\Baytech.Conversion.csproj", "{AE9991ED-727F-4C1F-9B5A-0FEE496356C6}"
EndProject
Project("{9A19103F-16F7-4668-BE54-9A1E7A4F7556}") = "Baytech.Testing", "Baytech.Testing\Baytech.Testing.csproj", "{A4B33EB1-9DCB-4BED-9A5F-DAD7B881BB83}"
EndProject
Global
	GlobalSection(SolutionConfigurationPlatforms) = preSolution
		Debug|Any CPU = Debug|Any CPU
		Debug|x64 = Debug|x64
		Debug|x86 = Debug|x86
		Release|Any CPU = Release|Any CPU
		Release|x64 = Release|x64
		Release|x86 = Release|x86
	EndGlobalSection
	GlobalSection(ProjectConfigurationPlatforms) = postSolution
		{AE9991ED-727F-4C1F-9B5A-0FEE496356C6}.Debug|Any CPU.ActiveCfg = Debug|Any CPU
		{AE9991ED-727F-4C1F-9B5A-0FEE496356C6}.Debug|Any CPU.Build.0 = Debug|Any CPU
		{AE9991ED-727F-4C1F-9B5A-0FEE496356C6}.Debug|x64.ActiveCfg = Debug|Any CPU
		{AE9991ED-727F-4C1F-9B5A-0FEE496356C6}.Debug|x64.Build.0 = Debug|Any CPU
		{AE9991ED-727F-4C1F-9B5A-0FEE496356C6}.Debug|x86.ActiveCfg = Debug|Any CPU
		{AE9991ED-727F-4C1F-9B5A-0FEE496356C6}.Debug|x86.Build.0 = Debug|Any CPU
		{AE9991ED-727F-4C1F-9B5A-0FEE496356C6}.Release|Any CPU.ActiveCfg = Release|Any CPU
		{AE9991ED-727F-4C1F-9B5A-0FEE496356C6}.Release|Any CPU.Build.0 = Release|Any CPU
		{AE9991ED-727F-4C1F-9B5A-0FEE496356C6}.Release|x64.ActiveCfg = Release|Any CPU
		{AE9991ED-727F-4C1F-9B5A-0FEE496356C6}.Release|x64.Build.0 = Release|Any CPU
		{AE9991ED-727F-4C1F-9B5A-0FEE496356C6}.Release|x86.ActiveCfg = Release|Any CPU
		{AE9991ED-727F-4C1F-9B5A-0FEE496356C6}.Release|x86.Build.0 = Release|Any CPU
		{A4B33EB1-9DCB-4BED-9A5F-DAD7B881BB83}.Debug|Any CPU.ActiveCfg = Debug|Any CPU
		{A4B33EB1-9DCB-4BED-9A5F-DAD7B881BB83}.Debug|Any CPU.Build.0 = Debug|Any CPU
		{A4B33EB1-9DCB-4BED-9A5F-DAD7B881BB83}.Debug|x64.ActiveCfg = Debug|Any CPU
		{A4B33EB1-9DCB-4BED-9A5F-DAD7B881BB83}.Debug|x64.Build.0 = Debug|Any CPU
		{A4B33EB1-9DCB-4BED-9A5F-DAD7B881BB83}.Debug|x86.ActiveCfg = Debug|Any CPU
		{A4B33EB1-9DCB-4BED-9A5F-DAD7B881BB83}.Debug|x86.Build.0 = Debug|Any CPU
		{A4B33EB1-9DCB-4BED-9A5F-DAD7B881BB83}.Release|Any CPU.ActiveCfg = Release|Any CPU
		{A4B33EB1-9DCB-4BED-9A5F-DAD7B881BB83}.Release|Any CPU.Build.0 = Release|Any CPU
		{A4B33EB1-9DCB-4BED-9A5F-DAD7B881BB83}.Release|x64.ActiveCfg = Release|Any CPU
		{A4B33EB1-9DCB-4BED-9A5F-DAD7B881BB83}.Release|x64.Build.0 = Release|Any CPU
		{A4B33EB1-9DCB-4BED-9A5F-DAD7B881BB83}.Release|x86.ActiveCfg = Release|Any CPU
		{A4B33EB1-9DCB-4BED-9A5F-DAD7B881BB83}.Release|x86.Build.0 = Release|Any CPU
	EndGlobalSection
	GlobalSection(SolutionProperties) = preSolution
		HideSolutionNode = FALSE
	EndGlobalSection
	GlobalSection(ExtensibilityGlobals) = postSolution
		SolutionGuid = {A0F187B0-0723-42B8-B0FF-854627E30DEA}
	EndGlobalSection
EndGlobal
